
Microsoft Visual Studio Solution File, Format Version 12.00
# Visual Studio Version 17
VisualStudioVersion = 17.4.33122.133
MinimumVisualStudioVersion = 10.0.40219.1
Project("{9A19103F-16F7-4668-BE54-9A1E7A4F7556}") = "NetPing", "NetPing\NetPing.csproj", "{D4F784C7-D495-45DD-8D74-D7F9CC7E23BC}"
EndProject
Project("{9A19103F-16F7-4668-BE54-9A1E7A4F7556}") = "NetGUI", "NetGUI\NetGUI.csproj", "{D8CB5048-49D5-4CE4-8EA0-EE9314C01889}"
EndProject
Project("{9A19103F-16F7-4668-BE54-9A1E7A4F7556}") = "NetTrace", "NetTrace\NetTrace.csproj", "{152C2300-5AE1-4551-BFEE-275266AEFC45}"
EndProject
Project("{9A19103F-16F7-4668-BE54-9A1E7A4F7556}") = "NetLookup", "NetNsLookup\NetLookup.csproj", "{E22ED323-7762-4AAA-805A-A3D51057B127}"
EndProject
Global
	GlobalSection(SolutionConfigurationPlatforms) = preSolution
		Debug|Any CPU = Debug|Any CPU
		Release|Any CPU = Release|Any CPU
	EndGlobalSection
	GlobalSection(ProjectConfigurationPlatforms) = postSolution
		{D4F784C7-D495-45DD-8D74-D7F9CC7E23BC}.Debug|Any CPU.ActiveCfg = Debug|Any CPU
		{D4F784C7-D495-45DD-8D74-D7F9CC7E23BC}.Debug|Any CPU.Build.0 = Debug|Any CPU
		{D4F784C7-D495-45DD-8D74-D7F9CC7E23BC}.Release|Any CPU.ActiveCfg = Release|Any CPU
		{D4F784C7-D495-45DD-8D74-D7F9CC7E23BC}.Release|Any CPU.Build.0 = Release|Any CPU
		{D8CB5048-49D5-4CE4-8EA0-EE9314C01889}.Debug|Any CPU.ActiveCfg = Debug|Any CPU
		{D8CB5048-49D5-4CE4-8EA0-EE9314C01889}.Debug|Any CPU.Build.0 = Debug|Any CPU
		{D8CB5048-49D5-4CE4-8EA0-EE9314C01889}.Release|Any CPU.ActiveCfg = Release|Any CPU
		{D8CB5048-49D5-4CE4-8EA0-EE9314C01889}.Release|Any CPU.Build.0 = Release|Any CPU
		{152C2300-5AE1-4551-BFEE-275266AEFC45}.Debug|Any CPU.ActiveCfg = Debug|Any CPU
		{152C2300-5AE1-4551-BFEE-275266AEFC45}.Debug|Any CPU.Build.0 = Debug|Any CPU
		{152C2300-5AE1-4551-BFEE-275266AEFC45}.Release|Any CPU.ActiveCfg = Release|Any CPU
		{152C2300-5AE1-4551-BFEE-275266AEFC45}.Release|Any CPU.Build.0 = Release|Any CPU
		{E22ED323-7762-4AAA-805A-A3D51057B127}.Debug|Any CPU.ActiveCfg = Debug|Any CPU
		{E22ED323-7762-4AAA-805A-A3D51057B127}.Debug|Any CPU.Build.0 = Debug|Any CPU
		{E22ED323-7762-4AAA-805A-A3D51057B127}.Release|Any CPU.ActiveCfg = Release|Any CPU
		{E22ED323-7762-4AAA-805A-A3D51057B127}.Release|Any CPU.Build.0 = Release|Any CPU
	EndGlobalSection
	GlobalSection(SolutionProperties) = preSolution
		HideSolutionNode = FALSE
	EndGlobalSection
	GlobalSection(ExtensibilityGlobals) = postSolution
		SolutionGuid = {36450E2E-841E-484A-91C4-8F90774B37DE}
	EndGlobalSection
EndGlobal
